
Microsoft Visual Studio Solution File, Format Version 12.00
# Visual Studio Version 17
VisualStudioVersion = 17.0.32126.317
MinimumVisualStudioVersion = 10.0.40219.1
Project("{2150E333-8FDC-42A3-9474-1A3956D46DE8}") = "Under Layers", "Under Layers", "{9743F3F1-7942-4FC3-8F5D-BCDDDCE84A73}"
EndProject
Project("{2150E333-8FDC-42A3-9474-1A3956D46DE8}") = "Infrastructure Layer", "Infrastructure Layer", "{82A2B0A6-98DB-4E1E-AA09-2D8ACDE9F5F1}"
EndProject
Project("{2150E333-8FDC-42A3-9474-1A3956D46DE8}") = "Domain Layer", "Domain Layer", "{A8278404-3377-4704-920B-A87C43F34507}"
EndProject
Project("{2150E333-8FDC-42A3-9474-1A3956D46DE8}") = "Application Layer", "Application Layer", "{C8E027FB-6A63-4323-BE08-A9F072F29E41}"
EndProject
Project("{9A19103F-16F7-4668-BE54-9A1E7A4F7556}") = "Delta.RelationalDatabases.EF", "Under Layers\Infrastructure Layer\Delta.RelationalDatabases.EF\Delta.RelationalDatabases.EF.csproj", "{F8C037AC-10C9-4134-A4D0-A496CBE337D8}"
EndProject
Project("{9A19103F-16F7-4668-BE54-9A1E7A4F7556}") = "Delta.RelationalDatabases.Postgres", "Under Layers\Infrastructure Layer\Delta.RelationalDatabases.Postgres\Delta.RelationalDatabases.Postgres.csproj", "{7F419060-9182-4D2F-AE8E-BF36B6F78B89}"
EndProject
Project("{9A19103F-16F7-4668-BE54-9A1E7A4F7556}") = "Delta.RelationalDatabases.Db2fori", "Under Layers\Infrastructure Layer\Delta.RelationalDatabases.Db2fori\Delta.RelationalDatabases.Db2fori.csproj", "{D3FE6E89-1D8A-4DCB-8692-898A0BC4DCF7}"
EndProject
Project("{9A19103F-16F7-4668-BE54-9A1E7A4F7556}") = "Delta.RelationalDatabases.OleDb", "Under Layers\Infrastructure Layer\Delta.RelationalDatabases.OleDb\Delta.RelationalDatabases.OleDb.csproj", "{E68CAA51-1C3B-4C34-8433-E2E99D58696D}"
EndProject
Project("{9A19103F-16F7-4668-BE54-9A1E7A4F7556}") = "Delta.Guis.Wpf", "Under Layers\Infrastructure Layer\Delta.Guis.Wpf\Delta.Guis.Wpf.csproj", "{778C0537-9619-4FFC-AEC7-57697B906648}"
EndProject
Project("{9A19103F-16F7-4668-BE54-9A1E7A4F7556}") = "Delta.AS400.Workstations.PrismCore", "Under Layers\Infrastructure Layer\Delta.AS400.Workstations.PrismCore\Delta.AS400.Workstations.PrismCore.csproj", "{4A68224E-C385-4868-829B-26F29CE44E47}"
EndProject
Project("{9A19103F-16F7-4668-BE54-9A1E7A4F7556}") = "Delta.AS400.Workstations.Domain", "Under Layers\Domain Layer\Delta.AS400.Workstations.Domain\Delta.AS400.Workstations.Domain.csproj", "{82D9FDE4-06AB-40C0-A701-DA99E4A21A0E}"
EndProject
Project("{2150E333-8FDC-42A3-9474-1A3956D46DE8}") = "Tools", "Tools", "{6252EF01-6F88-43BD-B6FC-3A6EE4BCF7C3}"
EndProject
Project("{9A19103F-16F7-4668-BE54-9A1E7A4F7556}") = "Delta.AS400.Printers.Pdf", "Under Layers\Infrastructure Layer\Delta.AS400.Printers.Pdf\Delta.AS400.Printers.Pdf.csproj", "{2E5A572E-456C-4518-8CA1-CBCDC7E28000}"
EndProject
Project("{9A19103F-16F7-4668-BE54-9A1E7A4F7556}") = "Delta.Tools.Modernization.Analytics.Application", "Application Layer\Delta.Tools.Modernization.Analytics.Application\Delta.Tools.Modernization.Analytics.Application.csproj", "{FD0BFE2B-2CF1-4444-9B1D-60CC077CE723}"
EndProject
Project("{9A19103F-16F7-4668-BE54-9A1E7A4F7556}") = "Delta.Tools.Modernization.Generation.Application", "Application Layer\Delta.Tools.Modernization.Generation.Application\Delta.Tools.Modernization.Generation.Application.csproj", "{0DFDE31A-CBDA-45AB-8661-17EEA549EDDA}"
EndProject
Project("{9A19103F-16F7-4668-BE54-9A1E7A4F7556}") = "Delta.Tools.Modernization.Test.Application", "Application Layer\Delta.Tools.Modernization.Test.Application\Delta.Tools.Modernization.Test.Application.csproj", "{4D446366-E1FC-42DE-9ADC-9921CFAA9423}"
EndProject
Project("{9A19103F-16F7-4668-BE54-9A1E7A4F7556}") = "Delta.RelationalDatabases.Domain", "Under Layers\Domain Layer\Delta.RelationalDatabases.Domain\Delta.RelationalDatabases.Domain.csproj", "{27C413F3-6125-4A2D-95E0-04C715ECD112}"
EndProject
Project("{9A19103F-16F7-4668-BE54-9A1E7A4F7556}") = "Delta.AS400.DDSs.Printers.Domain", "Under Layers\Domain Layer\Delta.AS400.DDSs.Printers.Domain\Delta.AS400.DDSs.Printers.Domain.csproj", "{E09BE60E-C6F2-43FE-BE4B-A37DE443AFF0}"
EndProject
Project("{9A19103F-16F7-4668-BE54-9A1E7A4F7556}") = "Delta.AS400.DDSs.Domain", "Under Layers\Domain Layer\Delta.AS400.DDSs.Domain\Delta.AS400.DDSs.Domain.csproj", "{9736EB26-5D2B-4104-8EF7-3959E0D6975C}"
EndProject
Project("{2150E333-8FDC-42A3-9474-1A3956D46DE8}") = "Support Libraries", "Support Libraries", "{FCB181DD-ACB3-4DFF-AAA0-5F1B3B1DFEDA}"
EndProject
Project("{9A19103F-16F7-4668-BE54-9A1E7A4F7556}") = "Delta.Extensions.SystemDecimal", "Under Layers\Support Libraries\Delta.Extensions.SystemDecimal\Delta.Extensions.SystemDecimal.csproj", "{394291EB-869D-47AD-AD6C-634FD183AE41}"
EndProject
Project("{9A19103F-16F7-4668-BE54-9A1E7A4F7556}") = "Delta.Extensions.SystemString", "Under Layers\Support Libraries\Delta.Extensions.SystemString\Delta.Extensions.SystemString.csproj", "{1FC9C5D3-51DE-48ED-87C0-515F4983B84B}"
EndProject
Project("{9A19103F-16F7-4668-BE54-9A1E7A4F7556}") = "Delta.Extensions.SystemIO", "Under Layers\Support Libraries\Delta.Extensions.SystemIO\Delta.Extensions.SystemIO.csproj", "{8CFD01F0-A9EB-45FB-A8C0-34EC21522C27}"
EndProject
Project("{9A19103F-16F7-4668-BE54-9A1E7A4F7556}") = "Delta.Extensions.SystemString.Tests", "Under Layers\Support Libraries\Delta.Extensions.SystemString.Tests\Delta.Extensions.SystemString.Tests.csproj", "{2AE2C92B-9E8C-4BA9-8080-085BEE2FABD3}"
EndProject
Project("{9A19103F-16F7-4668-BE54-9A1E7A4F7556}") = "Delta.AS400.Core", "Under Layers\Support Libraries\Delta.AS400.Core\Delta.AS400.Core.csproj", "{A8D67096-A848-47E4-B3D3-E66AC325E832}"
EndProject
Project("{9A19103F-16F7-4668-BE54-9A1E7A4F7556}") = "Delta.Extensions.SystemByte", "Under Layers\Support Libraries\Delta.Extensions.SystemByte\Delta.Extensions.SystemByte.csproj", "{A603501A-B6C9-4EE4-816E-F0D2C02A1EBB}"
EndProject
Project("{9A19103F-16F7-4668-BE54-9A1E7A4F7556}") = "Delta.Extensions.SystemByte.Tests", "Under Layers\Support Libraries\Delta.Extensions.SystemByte.Tests\Delta.Extensions.SystemByte.Tests.csproj", "{48D2A254-873B-47B8-93E0-C08D84C7CB9B}"
EndProject
Project("{9A19103F-16F7-4668-BE54-9A1E7A4F7556}") = "Delta.Types.Fundamentals", "Under Layers\Support Libraries\Delta.Types.Fundamentals\Delta.Types.Fundamentals.csproj", "{5C9E7199-D082-42CE-A6EE-9A66EAA83869}"
EndProject
Project("{9A19103F-16F7-4668-BE54-9A1E7A4F7556}") = "Delta.Products.Domain", "Under Layers\Domain Layer\Delta.Products.Domain\Delta.Products.Domain.csproj", "{8144B227-A66F-4ED8-9C3E-14241767D187}"
EndProject
Project("{9A19103F-16F7-4668-BE54-9A1E7A4F7556}") = "Delta.Types.Dates", "Under Layers\Support Libraries\Delta.Types.Dates\Delta.Types.Dates.csproj", "{15F3D2E1-B2A6-4AB6-8232-70C63F4E3105}"
EndProject
Project("{9A19103F-16F7-4668-BE54-9A1E7A4F7556}") = "Delta.AS400.Adapters.Domain", "Under Layers\Domain Layer\Delta.AS400.Adapters.Domain\Delta.AS400.Adapters.Domain.csproj", "{FC89ED6C-9204-48CB-9973-2F54D535DC8C}"
EndProject
Project("{9A19103F-16F7-4668-BE54-9A1E7A4F7556}") = "Delta.Entities.Domain", "Under Layers\Domain Layer\Delta.Entities.Domain\Delta.Entities.Domain.csproj", "{53B927F3-124B-47C4-9523-E285BAC2BA4E}"
EndProject
Project("{9A19103F-16F7-4668-BE54-9A1E7A4F7556}") = "Delta.Tools.Modernization.Generation.DIGenerator.Application", "Application Layer\Delta.Tools.Modernization.Generation.DIGenerator.Application\Delta.Tools.Modernization.Generation.DIGenerator.Application.csproj", "{CB1140DB-FA85-49AF-A985-C8DE998C0C50}"
EndProject
Project("{2150E333-8FDC-42A3-9474-1A3956D46DE8}") = "Domain Layer", "Domain Layer", "{B58AF3D5-80D6-4B84-A729-FF63E708412C}"
EndProject
Project("{9A19103F-16F7-4668-BE54-9A1E7A4F7556}") = "Delta.Tools.Modernization.Generation.Domain", "Domain Layer\Delta.Tools.Modernization.Generation.Domain\Delta.Tools.Modernization.Generation.Domain.csproj", "{C1931363-CCAB-4D6C-8ADB-49B68A1BD113}"
EndProject
Project("{9A19103F-16F7-4668-BE54-9A1E7A4F7556}") = "Delta.Tools.Modernization.Domain", "Domain Layer\Delta.Tools.Modernization.Domain\Delta.Tools.Modernization.Domain.csproj", "{3FD30589-1053-429A-B644-852C6BA6C3B2}"
EndProject
Project("{9A19103F-16F7-4668-BE54-9A1E7A4F7556}") = "Delta.Honsha01.Iidlib.Tools", "..\Delta.Honsha01.Iidlib\Delta.Honsha01.Iidlib.Tools\Delta.Honsha01.Iidlib.Tools.csproj", "{3DDD5792-180F-408C-BA87-3D5500B6F1BA}"
EndProject
Project("{9A19103F-16F7-4668-BE54-9A1E7A4F7556}") = "Delta.Honsha01.Domain", "Under Layers\Domain Layer\Delta.Honsha01.Domain\Delta.Honsha01.Domain.csproj", "{DABAEB17-659D-4F94-BF8C-667FB95B10EE}"
EndProject
Project("{9A19103F-16F7-4668-BE54-9A1E7A4F7556}") = "Delta.Koubai01.Domain", "Under Layers\Domain Layer\Delta.Koubai01.Domain\Delta.Koubai01.Domain.csproj", "{F17F0654-34C5-4A28-AC10-967588AC0FA1}"
EndProject
Project("{9A19103F-16F7-4668-BE54-9A1E7A4F7556}") = "Delta.AS400.Indicators", "Under Layers\Support Libraries\Delta.AS400.Indicators\Delta.AS400.Indicators.csproj", "{CE2F7A77-F78A-45ED-9E9D-7879AFF88187}"
EndProject
Project("{9A19103F-16F7-4668-BE54-9A1E7A4F7556}") = "Delta.AS400.Environments", "Under Layers\Support Libraries\Delta.AS400.Environments\Delta.AS400.Environments.csproj", "{30C4A995-B372-4ECD-B97A-DED44A1E8CB2}"
EndProject
Project("{9A19103F-16F7-4668-BE54-9A1E7A4F7556}") = "Delta.AS400.Dates", "Under Layers\Support Libraries\Delta.AS400.Dates\Delta.AS400.Dates.csproj", "{2624667A-5DB7-449B-A0E1-5A63AED9B62B}"
EndProject
Project("{9A19103F-16F7-4668-BE54-9A1E7A4F7556}") = "Delta.Honsha01.Qkclib.Tools", "..\Delta.Honsha01.Qkclib\Delta.Honsha01.Qkclib.Tools\Delta.Honsha01.Qkclib.Tools.csproj", "{9781AADC-4CF9-4510-AA47-58AECCE1B1B4}"
EndProject
Project("{9A19103F-16F7-4668-BE54-9A1E7A4F7556}") = "Delta.Tools.Modernization.Generation.RepoGenerator.Application", "Application Layer\Delta.Tools.Modernization.Generation.RepoGenerator.Application\Delta.Tools.Modernization.Generation.RepoGenerator.Application.csproj", "{F8DEF3E0-280E-43D8-AF0B-E7FE10A7E666}"
EndProject
Project("{2150E333-8FDC-42A3-9474-1A3956D46DE8}") = "0", "0", "{8B8F6D10-302C-45F3-ACB3-22786ABC7CF9}"
EndProject
Project("{2150E333-8FDC-42A3-9474-1A3956D46DE8}") = "1", "1", "{73C388CF-17C1-4935-95A3-B77D7FEAC76F}"
EndProject
Project("{2150E333-8FDC-42A3-9474-1A3956D46DE8}") = "0", "0", "{5A59E5AE-250E-44AB-A931-1AC52B90D84A}"
EndProject
Project("{2150E333-8FDC-42A3-9474-1A3956D46DE8}") = "2", "2", "{4E2805B8-1180-432C-8667-507D50339203}"
EndProject
Project("{2150E333-8FDC-42A3-9474-1A3956D46DE8}") = "3", "3", "{62FF78F3-A565-4B61-990B-FE7714D2F493}"
EndProject
Project("{2150E333-8FDC-42A3-9474-1A3956D46DE8}") = "1", "1", "{6A916DF0-83F8-4AAE-9A71-18B9E9E3F86C}"
EndProject
Project("{2150E333-8FDC-42A3-9474-1A3956D46DE8}") = "4", "4", "{AF949ED6-305A-4437-9B82-0BF566175D15}"
EndProject
Project("{2150E333-8FDC-42A3-9474-1A3956D46DE8}") = "0", "0", "{22C34EE2-FC0A-4B13-9A82-D767BD4A1D06}"
EndProject
Project("{2150E333-8FDC-42A3-9474-1A3956D46DE8}") = "2", "2", "{9CED89F1-F794-427A-A1E1-42F7CEC05BD0}"
EndProject
Project("{2150E333-8FDC-42A3-9474-1A3956D46DE8}") = "5", "5", "{DD102BAD-B87F-473D-9407-5576A40CF5D3}"
EndProject
Project("{9A19103F-16F7-4668-BE54-9A1E7A4F7556}") = "Delta.RelationalDatabases.Postgres.Tests", "Under Layers\Infrastructure Layer\Delta.RelationalDatabases.Postgres.Tests\Delta.RelationalDatabases.Postgres.Tests.csproj", "{AD43CEF6-D1F9-48AD-847E-CF07511C807F}"
EndProject
Project("{9A19103F-16F7-4668-BE54-9A1E7A4F7556}") = "Delta.Tools.Modernization.Test.Application.Tests", "Application Layer\Delta.Tools.Modernization.Test.Application.Tests\Delta.Tools.Modernization.Test.Application.Tests.csproj", "{8F615981-2EC9-404F-BF94-D4E48B234858}"
EndProject
Project("{9A19103F-16F7-4668-BE54-9A1E7A4F7556}") = "Delta.AS400.Environments.Tests", "Under Layers\Support Libraries\Delta.AS400.Environments.Tests\Delta.AS400.Environments.Tests.csproj", "{F24F987D-68D8-4D20-9D02-6D124C9525F5}"
EndProject
Project("{9A19103F-16F7-4668-BE54-9A1E7A4F7556}") = "Delta.Extensions.PrismWpf", "Under Layers\Support Libraries\Delta.Extensions.PrismWpf\Delta.Extensions.PrismWpf.csproj", "{3097CFE5-7BA0-4FB7-9973-F399EDABD0E0}"
EndProject
Project("{9A19103F-16F7-4668-BE54-9A1E7A4F7556}") = "Delta.Mails.MailKit", "Under Layers\Infrastructure Layer\Delta.Mails.MailKit\Delta.Mails.MailKit.csproj", "{CF4D3BF3-87C5-47F6-B8AF-71BCEC3D5346}"
EndProject
Project("{9A19103F-16F7-4668-BE54-9A1E7A4F7556}") = "Delta.Mails.Domain", "Under Layers\Domain Layer\Delta.Mails.Domain\Delta.Mails.Domain.csproj", "{61BC4805-28F9-4019-949D-C5BE9D661B22}"
EndProject
Project("{9A19103F-16F7-4668-BE54-9A1E7A4F7556}") = "Delta.Mails.MailKit.Tests", "Under Layers\Infrastructure Layer\Delta.Mails.MailKit.Tests\Delta.Mails.MailKit.Tests.csproj", "{D0551695-1248-41DF-8EBA-2C310CF2CDFC}"
EndProject
Project("{9A19103F-16F7-4668-BE54-9A1E7A4F7556}") = "Delta.Types.Dates.Tests", "Under Layers\Support Libraries\Delta.Types.Dates.Tests\Delta.Types.Dates.Tests.csproj", "{6B8EB671-CD7B-44AD-B500-DDE0362D1B21}"
EndProject
Project("{9A19103F-16F7-4668-BE54-9A1E7A4F7556}") = "Delta.RelationalDatabases.Db2fori.Tests", "Under Layers\Infrastructure Layer\Delta.RelationalDatabases.Db2fori.Tests\Delta.RelationalDatabases.Db2fori.Tests.csproj", "{51E0D711-60A7-47F1-B8E4-E8961AC8C7D3}"
EndProject
Project("{9A19103F-16F7-4668-BE54-9A1E7A4F7556}") = "Delta.IBMPowerSystems.Domain", "Under Layers\Domain Layer\Delta.IBMPowerSystems.Domain\Delta.IBMPowerSystems.Domain.csproj", "{F3B7649C-33EC-42B9-B0BB-EEB8A1EA4FD1}"
EndProject
Project("{9A19103F-16F7-4668-BE54-9A1E7A4F7556}") = "Delta.Honsha01.Dsldlib.Tools", "..\Delta.Honsha01.Dsldlib\Delta.Honsha01.Dsldlib.Tools\Delta.Honsha01.Dsldlib.Tools.csproj", "{0F7D3AAA-D3D5-4BDA-BE59-40251017B54B}"
EndProject
Project("{9A19103F-16F7-4668-BE54-9A1E7A4F7556}") = "Delta.Products.Domain.Tests", "Under Layers\Domain Layer\Delta.Products.Domain.Tests\Delta.Products.Domain.Tests.csproj", "{3309FD22-6C0A-4FE1-B88A-A693A4DFEDF4}"
EndProject
Project("{9A19103F-16F7-4668-BE54-9A1E7A4F7556}") = "Delta.RelationalDatabases.Mssql", "Under Layers\Infrastructure Layer\Delta.RelationalDatabases.Mssql\Delta.RelationalDatabases.Mssql.csproj", "{759DB0D2-4EB9-4514-88A4-8A717F5CA8DB}"
EndProject
Project("{9A19103F-16F7-4668-BE54-9A1E7A4F7556}") = "Delta.RelationalDatabases.Mssql.Tests", "Under Layers\Infrastructure Layer\Delta.RelationalDatabases.Mssql.Tests\Delta.RelationalDatabases.Mssql.Tests.csproj", "{6BC48DC8-5FB2-4342-9DF6-59F929419B5E}"
EndProject
Project("{9A19103F-16F7-4668-BE54-9A1E7A4F7556}") = "Delta.AS400.DataTypes.Numerics", "Under Layers\Support Libraries\Delta.AS400.DataTypes.Numerics\Delta.AS400.DataTypes.Numerics.csproj", "{42AE8E5B-AEEA-4F4F-90B9-15960BB19EAC}"
EndProject
Project("{9A19103F-16F7-4668-BE54-9A1E7A4F7556}") = "Delta.AS400.DataTypes.Numerics.Tests", "Under Layers\Support Libraries\Delta.AS400.DataTypes.Numerics.Tests\Delta.AS400.DataTypes.Numerics.Tests.csproj", "{8E2F29EC-6686-4FCC-9D79-C5B7428D4917}"
EndProject
Project("{9A19103F-16F7-4668-BE54-9A1E7A4F7556}") = "Delta.Extensions.SystemChar", "Under Layers\Support Libraries\Delta.Extensions.SystemChar\Delta.Extensions.SystemChar.csproj", "{2559F03E-3CE6-44D0-83E9-A0CE556DC1F1}"
EndProject
Project("{9A19103F-16F7-4668-BE54-9A1E7A4F7556}") = "Delta.AS400.DataTypes.Characters", "Under Layers\Support Libraries\Delta.AS400.DataTypes.Characters\Delta.AS400.DataTypes.Characters.csproj", "{CA6CCB18-4AEA-4705-B9E8-7C3036AFA3C4}"
EndProject
Project("{9A19103F-16F7-4668-BE54-9A1E7A4F7556}") = "Delta.AS400.DataTypes.Characters.Tests", "Delta.AS400.DataTypes.Characters.Tests\Delta.AS400.DataTypes.Characters.Tests.csproj", "{F49746DE-E6AE-44D2-A899-E87256F922DC}"
EndProject
Project("{9A19103F-16F7-4668-BE54-9A1E7A4F7556}") = "Delta.Guis.Domain", "Under Layers\Domain Layer\Delta.Guis.Domain\Delta.Guis.Domain.csproj", "{FD1EC7C0-8558-4A68-AF1F-8FA68DD50073}"
EndProject
Project("{9A19103F-16F7-4668-BE54-9A1E7A4F7556}") = "Delta.Extensions.SystemTextEncoding", "Under Layers\Support Libraries\Delta.Extensions.SystemTextEncoding\Delta.Extensions.SystemTextEncoding.csproj", "{F474F862-EC2D-4064-9486-60E0D09E3B59}"
EndProject
Project("{9A19103F-16F7-4668-BE54-9A1E7A4F7556}") = "Delta.AS400.Core.Tests", "Under Layers\Support Libraries\Delta.AS400.Core.Tests\Delta.AS400.Core.Tests.csproj", "{7188379C-00F1-494C-85C7-B08426053200}"
EndProject
Project("{2150E333-8FDC-42A3-9474-1A3956D46DE8}") = "2", "2", "{57D91318-9708-494A-A19F-09E2F60F2E4D}"
EndProject
Project("{9A19103F-16F7-4668-BE54-9A1E7A4F7556}") = "Delta.Tools.Modernization.Paths.Domain", "Under Layers\Domain Layer\Delta.Tools.Modernization.Paths.Domain\Delta.Tools.Modernization.Paths.Domain.csproj", "{B59AD652-CDA6-41AC-8A61-DB8202980890}"
EndProject
Project("{2150E333-8FDC-42A3-9474-1A3956D46DE8}") = "1", "1", "{3AF77F9E-89A5-4F4E-A019-59009C507E68}"
EndProject
Project("{2150E333-8FDC-42A3-9474-1A3956D46DE8}") = "3", "3", "{16C09C3B-E1FF-4D20-AD6D-21D7D363BF61}"
EndProject
Project("{9A19103F-16F7-4668-BE54-9A1E7A4F7556}") = "Delta.Tools.Modernization.Test.PdfTest", "Application Layer\Delta.Tools.Modernization.Test.PdfTest\Delta.Tools.Modernization.Test.PdfTest.csproj", "{B6FDF791-D06B-48E8-A2C6-29FFE18D9485}"
EndProject
Project("{9A19103F-16F7-4668-BE54-9A1E7A4F7556}") = "Delta.Honsha01.Iielib.Tools", "..\Delta.Honsha01.Iielib\Delta.Honsha01.Iielib.Tools\Delta.Honsha01.Iielib.Tools.csproj", "{0E38A967-CA2D-4262-A3FE-3FB8773EC411}"
EndProject
Project("{9A19103F-16F7-4668-BE54-9A1E7A4F7556}") = "Delta.Hofu101.Domain", "Under Layers\Domain Layer\Delta.Hofu101.Domain\Delta.Hofu101.Domain.csproj", "{25DDA8A2-0629-44DB-82DF-4B8E72CB0986}"
EndProject
Project("{9A19103F-16F7-4668-BE54-9A1E7A4F7556}") = "Delta.Honsha03.Domain", "Under Layers\Domain Layer\Delta.Honsha03.Domain\Delta.Honsha03.Domain.csproj", "{CC81B3BF-FC77-446F-957E-A337CC95107B}"
EndProject
Project("{9A19103F-16F7-4668-BE54-9A1E7A4F7556}") = "Delta.Honsha01.Apm_lib.Tools", "..\Delta.Honsha01.Apm_lib\Delta.Honsha01.Apm_lib.Tools\Delta.Honsha01.Apm_lib.Tools.csproj", "{FC0D24CE-B16E-44D8-AB2A-4B9274A7947A}"
EndProject
Project("{9A19103F-16F7-4668-BE54-9A1E7A4F7556}") = "Delta.Honsha01.Oplib.Tools", "..\Delta.Honsha01.Oplib\Delta.Honsha01.Oplib.Tools\Delta.Honsha01.Oplib.Tools.csproj", "{86B820F1-07D7-4D69-B5EE-CECA8978B4BB}"
EndProject
Project("{9A19103F-16F7-4668-BE54-9A1E7A4F7556}") = "Delta.Honsha01.Seatlib.Tools", "..\Delta.Honsha01.Seatlib\Delta.Honsha01.Seatlib.Tools\Delta.Honsha01.Seatlib.Tools.csproj", "{C1035F38-D82F-4FF4-8990-B1888045CFBD}"
EndProject
Project("{9A19103F-16F7-4668-BE54-9A1E7A4F7556}") = "Delta.Honsha01.Ibhlib.Tools", "..\Delta.Honsha01.Ibhlib\Delta.Honsha01.Ibhlib.Tools\Delta.Honsha01.Ibhlib.Tools.csproj", "{DA8CFACC-E1A7-4BEE-AC81-99DA856C24DB}"
EndProject
Project("{9A19103F-16F7-4668-BE54-9A1E7A4F7556}") = "Delta.Honsha01.Lfblib.Tools", "..\Delta.Honsha01.Lfblib\Delta.Honsha01.Lfblib.Tools\Delta.Honsha01.Lfblib.Tools.csproj", "{657C6FCD-4AD9-4538-AE32-1C6F41271595}"
EndProject
Project("{9A19103F-16F7-4668-BE54-9A1E7A4F7556}") = "Delta.Honsha01.Iiflib.Tools", "..\Delta.Honsha01.Iiflib\Delta.Honsha01.Iiflib.Tools\Delta.Honsha01.Iiflib.Tools.csproj", "{58B1E5EC-4A6B-4B92-A5D3-62E1C3813289}"
EndProject
Project("{9A19103F-16F7-4668-BE54-9A1E7A4F7556}") = "Delta.Koubai01.Axs.Tools", "Misc\Delta.Koubai01.Axs\Delta.Koubai01.Axs.Tools\Delta.Koubai01.Axs.Tools.csproj", "{5913EADD-2799-4635-B65B-9751D6D48767}"
EndProject
Project("{9A19103F-16F7-4668-BE54-9A1E7A4F7556}") = "Delta.Koubai01.Gailib.Tools", "Misc\Delta.Koubai01.Gailib\Delta.Koubai01.Gailib.Tools\Delta.Koubai01.Gailib.Tools.csproj", "{5BEDBA1D-34C8-4A5B-B9CE-FB6375942B66}"
EndProject
Project("{9A19103F-16F7-4668-BE54-9A1E7A4F7556}") = "Delta.Honsha01.F__LIB.Tools", "Misc\Delta.Honsha01.F__LIB.Tools\Delta.Honsha01.F__LIB.Tools.csproj", "{D0D80A15-9597-4973-9D64-7991FA4CB5AF}"
EndProject
Global
	GlobalSection(SolutionConfigurationPlatforms) = preSolution
		Debug|Any CPU = Debug|Any CPU
		Release|Any CPU = Release|Any CPU
	EndGlobalSection
	GlobalSection(ProjectConfigurationPlatforms) = postSolution
		{F8C037AC-10C9-4134-A4D0-A496CBE337D8}.Debug|Any CPU.ActiveCfg = Debug|Any CPU
		{F8C037AC-10C9-4134-A4D0-A496CBE337D8}.Debug|Any CPU.Build.0 = Debug|Any CPU
		{F8C037AC-10C9-4134-A4D0-A496CBE337D8}.Release|Any CPU.ActiveCfg = Release|Any CPU
		{F8C037AC-10C9-4134-A4D0-A496CBE337D8}.Release|Any CPU.Build.0 = Release|Any CPU
		{7F419060-9182-4D2F-AE8E-BF36B6F78B89}.Debug|Any CPU.ActiveCfg = Debug|Any CPU
		{7F419060-9182-4D2F-AE8E-BF36B6F78B89}.Debug|Any CPU.Build.0 = Debug|Any CPU
		{7F419060-9182-4D2F-AE8E-BF36B6F78B89}.Release|Any CPU.ActiveCfg = Release|Any CPU
		{7F419060-9182-4D2F-AE8E-BF36B6F78B89}.Release|Any CPU.Build.0 = Release|Any CPU
		{D3FE6E89-1D8A-4DCB-8692-898A0BC4DCF7}.Debug|Any CPU.ActiveCfg = Debug|Any CPU
		{D3FE6E89-1D8A-4DCB-8692-898A0BC4DCF7}.Debug|Any CPU.Build.0 = Debug|Any CPU
		{D3FE6E89-1D8A-4DCB-8692-898A0BC4DCF7}.Release|Any CPU.ActiveCfg = Release|Any CPU
		{D3FE6E89-1D8A-4DCB-8692-898A0BC4DCF7}.Release|Any CPU.Build.0 = Release|Any CPU
		{E68CAA51-1C3B-4C34-8433-E2E99D58696D}.Debug|Any CPU.ActiveCfg = Debug|Any CPU
		{E68CAA51-1C3B-4C34-8433-E2E99D58696D}.Debug|Any CPU.Build.0 = Debug|Any CPU
		{E68CAA51-1C3B-4C34-8433-E2E99D58696D}.Release|Any CPU.ActiveCfg = Release|Any CPU
		{E68CAA51-1C3B-4C34-8433-E2E99D58696D}.Release|Any CPU.Build.0 = Release|Any CPU
		{778C0537-9619-4FFC-AEC7-57697B906648}.Debug|Any CPU.ActiveCfg = Debug|Any CPU
		{778C0537-9619-4FFC-AEC7-57697B906648}.Debug|Any CPU.Build.0 = Debug|Any CPU
		{778C0537-9619-4FFC-AEC7-57697B906648}.Release|Any CPU.ActiveCfg = Release|Any CPU
		{778C0537-9619-4FFC-AEC7-57697B906648}.Release|Any CPU.Build.0 = Release|Any CPU
		{4A68224E-C385-4868-829B-26F29CE44E47}.Debug|Any CPU.ActiveCfg = Debug|Any CPU
		{4A68224E-C385-4868-829B-26F29CE44E47}.Debug|Any CPU.Build.0 = Debug|Any CPU
		{4A68224E-C385-4868-829B-26F29CE44E47}.Release|Any CPU.ActiveCfg = Release|Any CPU
		{4A68224E-C385-4868-829B-26F29CE44E47}.Release|Any CPU.Build.0 = Release|Any CPU
		{82D9FDE4-06AB-40C0-A701-DA99E4A21A0E}.Debug|Any CPU.ActiveCfg = Debug|Any CPU
		{82D9FDE4-06AB-40C0-A701-DA99E4A21A0E}.Debug|Any CPU.Build.0 = Debug|Any CPU
		{82D9FDE4-06AB-40C0-A701-DA99E4A21A0E}.Release|Any CPU.ActiveCfg = Release|Any CPU
		{82D9FDE4-06AB-40C0-A701-DA99E4A21A0E}.Release|Any CPU.Build.0 = Release|Any CPU
		{2E5A572E-456C-4518-8CA1-CBCDC7E28000}.Debug|Any CPU.ActiveCfg = Debug|Any CPU
		{2E5A572E-456C-4518-8CA1-CBCDC7E28000}.Debug|Any CPU.Build.0 = Debug|Any CPU
		{2E5A572E-456C-4518-8CA1-CBCDC7E28000}.Release|Any CPU.ActiveCfg = Release|Any CPU
		{2E5A572E-456C-4518-8CA1-CBCDC7E28000}.Release|Any CPU.Build.0 = Release|Any CPU
		{FD0BFE2B-2CF1-4444-9B1D-60CC077CE723}.Debug|Any CPU.ActiveCfg = Debug|Any CPU
		{FD0BFE2B-2CF1-4444-9B1D-60CC077CE723}.Debug|Any CPU.Build.0 = Debug|Any CPU
		{FD0BFE2B-2CF1-4444-9B1D-60CC077CE723}.Release|Any CPU.ActiveCfg = Release|Any CPU
		{FD0BFE2B-2CF1-4444-9B1D-60CC077CE723}.Release|Any CPU.Build.0 = Release|Any CPU
		{0DFDE31A-CBDA-45AB-8661-17EEA549EDDA}.Debug|Any CPU.ActiveCfg = Debug|Any CPU
		{0DFDE31A-CBDA-45AB-8661-17EEA549EDDA}.Debug|Any CPU.Build.0 = Debug|Any CPU
		{0DFDE31A-CBDA-45AB-8661-17EEA549EDDA}.Release|Any CPU.ActiveCfg = Release|Any CPU
		{0DFDE31A-CBDA-45AB-8661-17EEA549EDDA}.Release|Any CPU.Build.0 = Release|Any CPU
		{4D446366-E1FC-42DE-9ADC-9921CFAA9423}.Debug|Any CPU.ActiveCfg = Debug|Any CPU
		{4D446366-E1FC-42DE-9ADC-9921CFAA9423}.Debug|Any CPU.Build.0 = Debug|Any CPU
		{4D446366-E1FC-42DE-9ADC-9921CFAA9423}.Release|Any CPU.ActiveCfg = Release|Any CPU
		{4D446366-E1FC-42DE-9ADC-9921CFAA9423}.Release|Any CPU.Build.0 = Release|Any CPU
		{27C413F3-6125-4A2D-95E0-04C715ECD112}.Debug|Any CPU.ActiveCfg = Debug|Any CPU
		{27C413F3-6125-4A2D-95E0-04C715ECD112}.Debug|Any CPU.Build.0 = Debug|Any CPU
		{27C413F3-6125-4A2D-95E0-04C715ECD112}.Release|Any CPU.ActiveCfg = Release|Any CPU
		{27C413F3-6125-4A2D-95E0-04C715ECD112}.Release|Any CPU.Build.0 = Release|Any CPU
		{E09BE60E-C6F2-43FE-BE4B-A37DE443AFF0}.Debug|Any CPU.ActiveCfg = Debug|Any CPU
		{E09BE60E-C6F2-43FE-BE4B-A37DE443AFF0}.Debug|Any CPU.Build.0 = Debug|Any CPU
		{E09BE60E-C6F2-43FE-BE4B-A37DE443AFF0}.Release|Any CPU.ActiveCfg = Release|Any CPU
		{E09BE60E-C6F2-43FE-BE4B-A37DE443AFF0}.Release|Any CPU.Build.0 = Release|Any CPU
		{9736EB26-5D2B-4104-8EF7-3959E0D6975C}.Debug|Any CPU.ActiveCfg = Debug|Any CPU
		{9736EB26-5D2B-4104-8EF7-3959E0D6975C}.Debug|Any CPU.Build.0 = Debug|Any CPU
		{9736EB26-5D2B-4104-8EF7-3959E0D6975C}.Release|Any CPU.ActiveCfg = Release|Any CPU
		{9736EB26-5D2B-4104-8EF7-3959E0D6975C}.Release|Any CPU.Build.0 = Release|Any CPU
		{394291EB-869D-47AD-AD6C-634FD183AE41}.Debug|Any CPU.ActiveCfg = Debug|Any CPU
		{394291EB-869D-47AD-AD6C-634FD183AE41}.Debug|Any CPU.Build.0 = Debug|Any CPU
		{394291EB-869D-47AD-AD6C-634FD183AE41}.Release|Any CPU.ActiveCfg = Release|Any CPU
		{394291EB-869D-47AD-AD6C-634FD183AE41}.Release|Any CPU.Build.0 = Release|Any CPU
		{1FC9C5D3-51DE-48ED-87C0-515F4983B84B}.Debug|Any CPU.ActiveCfg = Debug|Any CPU
		{1FC9C5D3-51DE-48ED-87C0-515F4983B84B}.Debug|Any CPU.Build.0 = Debug|Any CPU
		{1FC9C5D3-51DE-48ED-87C0-515F4983B84B}.Release|Any CPU.ActiveCfg = Release|Any CPU
		{1FC9C5D3-51DE-48ED-87C0-515F4983B84B}.Release|Any CPU.Build.0 = Release|Any CPU
		{8CFD01F0-A9EB-45FB-A8C0-34EC21522C27}.Debug|Any CPU.ActiveCfg = Debug|Any CPU
		{8CFD01F0-A9EB-45FB-A8C0-34EC21522C27}.Debug|Any CPU.Build.0 = Debug|Any CPU
		{8CFD01F0-A9EB-45FB-A8C0-34EC21522C27}.Release|Any CPU.ActiveCfg = Release|Any CPU
		{8CFD01F0-A9EB-45FB-A8C0-34EC21522C27}.Release|Any CPU.Build.0 = Release|Any CPU
		{2AE2C92B-9E8C-4BA9-8080-085BEE2FABD3}.Debug|Any CPU.ActiveCfg = Debug|Any CPU
		{2AE2C92B-9E8C-4BA9-8080-085BEE2FABD3}.Debug|Any CPU.Build.0 = Debug|Any CPU
		{2AE2C92B-9E8C-4BA9-8080-085BEE2FABD3}.Release|Any CPU.ActiveCfg = Release|Any CPU
		{2AE2C92B-9E8C-4BA9-8080-085BEE2FABD3}.Release|Any CPU.Build.0 = Release|Any CPU
		{A8D67096-A848-47E4-B3D3-E66AC325E832}.Debug|Any CPU.ActiveCfg = Debug|Any CPU
		{A8D67096-A848-47E4-B3D3-E66AC325E832}.Debug|Any CPU.Build.0 = Debug|Any CPU
		{A8D67096-A848-47E4-B3D3-E66AC325E832}.Release|Any CPU.ActiveCfg = Release|Any CPU
		{A8D67096-A848-47E4-B3D3-E66AC325E832}.Release|Any CPU.Build.0 = Release|Any CPU
		{A603501A-B6C9-4EE4-816E-F0D2C02A1EBB}.Debug|Any CPU.ActiveCfg = Debug|Any CPU
		{A603501A-B6C9-4EE4-816E-F0D2C02A1EBB}.Debug|Any CPU.Build.0 = Debug|Any CPU
		{A603501A-B6C9-4EE4-816E-F0D2C02A1EBB}.Release|Any CPU.ActiveCfg = Release|Any CPU
		{A603501A-B6C9-4EE4-816E-F0D2C02A1EBB}.Release|Any CPU.Build.0 = Release|Any CPU
		{48D2A254-873B-47B8-93E0-C08D84C7CB9B}.Debug|Any CPU.ActiveCfg = Debug|Any CPU
		{48D2A254-873B-47B8-93E0-C08D84C7CB9B}.Debug|Any CPU.Build.0 = Debug|Any CPU
		{48D2A254-873B-47B8-93E0-C08D84C7CB9B}.Release|Any CPU.ActiveCfg = Release|Any CPU
		{48D2A254-873B-47B8-93E0-C08D84C7CB9B}.Release|Any CPU.Build.0 = Release|Any CPU
		{5C9E7199-D082-42CE-A6EE-9A66EAA83869}.Debug|Any CPU.ActiveCfg = Debug|Any CPU
		{5C9E7199-D082-42CE-A6EE-9A66EAA83869}.Debug|Any CPU.Build.0 = Debug|Any CPU
		{5C9E7199-D082-42CE-A6EE-9A66EAA83869}.Release|Any CPU.ActiveCfg = Release|Any CPU
		{5C9E7199-D082-42CE-A6EE-9A66EAA83869}.Release|Any CPU.Build.0 = Release|Any CPU
		{8144B227-A66F-4ED8-9C3E-14241767D187}.Debug|Any CPU.ActiveCfg = Debug|Any CPU
		{8144B227-A66F-4ED8-9C3E-14241767D187}.Debug|Any CPU.Build.0 = Debug|Any CPU
		{8144B227-A66F-4ED8-9C3E-14241767D187}.Release|Any CPU.ActiveCfg = Release|Any CPU
		{8144B227-A66F-4ED8-9C3E-14241767D187}.Release|Any CPU.Build.0 = Release|Any CPU
		{15F3D2E1-B2A6-4AB6-8232-70C63F4E3105}.Debug|Any CPU.ActiveCfg = Debug|Any CPU
		{15F3D2E1-B2A6-4AB6-8232-70C63F4E3105}.Debug|Any CPU.Build.0 = Debug|Any CPU
		{15F3D2E1-B2A6-4AB6-8232-70C63F4E3105}.Release|Any CPU.ActiveCfg = Release|Any CPU
		{15F3D2E1-B2A6-4AB6-8232-70C63F4E3105}.Release|Any CPU.Build.0 = Release|Any CPU
		{FC89ED6C-9204-48CB-9973-2F54D535DC8C}.Debug|Any CPU.ActiveCfg = Debug|Any CPU
		{FC89ED6C-9204-48CB-9973-2F54D535DC8C}.Debug|Any CPU.Build.0 = Debug|Any CPU
		{FC89ED6C-9204-48CB-9973-2F54D535DC8C}.Release|Any CPU.ActiveCfg = Release|Any CPU
		{FC89ED6C-9204-48CB-9973-2F54D535DC8C}.Release|Any CPU.Build.0 = Release|Any CPU
		{53B927F3-124B-47C4-9523-E285BAC2BA4E}.Debug|Any CPU.ActiveCfg = Debug|Any CPU
		{53B927F3-124B-47C4-9523-E285BAC2BA4E}.Debug|Any CPU.Build.0 = Debug|Any CPU
		{53B927F3-124B-47C4-9523-E285BAC2BA4E}.Release|Any CPU.ActiveCfg = Release|Any CPU
		{53B927F3-124B-47C4-9523-E285BAC2BA4E}.Release|Any CPU.Build.0 = Release|Any CPU
		{CB1140DB-FA85-49AF-A985-C8DE998C0C50}.Debug|Any CPU.ActiveCfg = Debug|Any CPU
		{CB1140DB-FA85-49AF-A985-C8DE998C0C50}.Debug|Any CPU.Build.0 = Debug|Any CPU
		{CB1140DB-FA85-49AF-A985-C8DE998C0C50}.Release|Any CPU.ActiveCfg = Release|Any CPU
		{CB1140DB-FA85-49AF-A985-C8DE998C0C50}.Release|Any CPU.Build.0 = Release|Any CPU
		{C1931363-CCAB-4D6C-8ADB-49B68A1BD113}.Debug|Any CPU.ActiveCfg = Debug|Any CPU
		{C1931363-CCAB-4D6C-8ADB-49B68A1BD113}.Debug|Any CPU.Build.0 = Debug|Any CPU
		{C1931363-CCAB-4D6C-8ADB-49B68A1BD113}.Release|Any CPU.ActiveCfg = Release|Any CPU
		{C1931363-CCAB-4D6C-8ADB-49B68A1BD113}.Release|Any CPU.Build.0 = Release|Any CPU
		{3FD30589-1053-429A-B644-852C6BA6C3B2}.Debug|Any CPU.ActiveCfg = Debug|Any CPU
		{3FD30589-1053-429A-B644-852C6BA6C3B2}.Debug|Any CPU.Build.0 = Debug|Any CPU
		{3FD30589-1053-429A-B644-852C6BA6C3B2}.Release|Any CPU.ActiveCfg = Release|Any CPU
		{3FD30589-1053-429A-B644-852C6BA6C3B2}.Release|Any CPU.Build.0 = Release|Any CPU
		{3DDD5792-180F-408C-BA87-3D5500B6F1BA}.Debug|Any CPU.ActiveCfg = Debug|Any CPU
		{3DDD5792-180F-408C-BA87-3D5500B6F1BA}.Debug|Any CPU.Build.0 = Debug|Any CPU
		{3DDD5792-180F-408C-BA87-3D5500B6F1BA}.Release|Any CPU.ActiveCfg = Release|Any CPU
		{3DDD5792-180F-408C-BA87-3D5500B6F1BA}.Release|Any CPU.Build.0 = Release|Any CPU
		{DABAEB17-659D-4F94-BF8C-667FB95B10EE}.Debug|Any CPU.ActiveCfg = Debug|Any CPU
		{DABAEB17-659D-4F94-BF8C-667FB95B10EE}.Debug|Any CPU.Build.0 = Debug|Any CPU
		{DABAEB17-659D-4F94-BF8C-667FB95B10EE}.Release|Any CPU.ActiveCfg = Release|Any CPU
		{DABAEB17-659D-4F94-BF8C-667FB95B10EE}.Release|Any CPU.Build.0 = Release|Any CPU
		{F17F0654-34C5-4A28-AC10-967588AC0FA1}.Debug|Any CPU.ActiveCfg = Debug|Any CPU
		{F17F0654-34C5-4A28-AC10-967588AC0FA1}.Debug|Any CPU.Build.0 = Debug|Any CPU
		{F17F0654-34C5-4A28-AC10-967588AC0FA1}.Release|Any CPU.ActiveCfg = Release|Any CPU
		{F17F0654-34C5-4A28-AC10-967588AC0FA1}.Release|Any CPU.Build.0 = Release|Any CPU
		{CE2F7A77-F78A-45ED-9E9D-7879AFF88187}.Debug|Any CPU.ActiveCfg = Debug|Any CPU
		{CE2F7A77-F78A-45ED-9E9D-7879AFF88187}.Debug|Any CPU.Build.0 = Debug|Any CPU
		{CE2F7A77-F78A-45ED-9E9D-7879AFF88187}.Release|Any CPU.ActiveCfg = Release|Any CPU
		{CE2F7A77-F78A-45ED-9E9D-7879AFF88187}.Release|Any CPU.Build.0 = Release|Any CPU
		{30C4A995-B372-4ECD-B97A-DED44A1E8CB2}.Debug|Any CPU.ActiveCfg = Debug|Any CPU
		{30C4A995-B372-4ECD-B97A-DED44A1E8CB2}.Debug|Any CPU.Build.0 = Debug|Any CPU
		{30C4A995-B372-4ECD-B97A-DED44A1E8CB2}.Release|Any CPU.ActiveCfg = Release|Any CPU
		{30C4A995-B372-4ECD-B97A-DED44A1E8CB2}.Release|Any CPU.Build.0 = Release|Any CPU
		{2624667A-5DB7-449B-A0E1-5A63AED9B62B}.Debug|Any CPU.ActiveCfg = Debug|Any CPU
		{2624667A-5DB7-449B-A0E1-5A63AED9B62B}.Debug|Any CPU.Build.0 = Debug|Any CPU
		{2624667A-5DB7-449B-A0E1-5A63AED9B62B}.Release|Any CPU.ActiveCfg = Release|Any CPU
		{2624667A-5DB7-449B-A0E1-5A63AED9B62B}.Release|Any CPU.Build.0 = Release|Any CPU
		{9781AADC-4CF9-4510-AA47-58AECCE1B1B4}.Debug|Any CPU.ActiveCfg = Debug|Any CPU
		{9781AADC-4CF9-4510-AA47-58AECCE1B1B4}.Debug|Any CPU.Build.0 = Debug|Any CPU
		{9781AADC-4CF9-4510-AA47-58AECCE1B1B4}.Release|Any CPU.ActiveCfg = Release|Any CPU
		{9781AADC-4CF9-4510-AA47-58AECCE1B1B4}.Release|Any CPU.Build.0 = Release|Any CPU
		{F8DEF3E0-280E-43D8-AF0B-E7FE10A7E666}.Debug|Any CPU.ActiveCfg = Debug|Any CPU
		{F8DEF3E0-280E-43D8-AF0B-E7FE10A7E666}.Debug|Any CPU.Build.0 = Debug|Any CPU
		{F8DEF3E0-280E-43D8-AF0B-E7FE10A7E666}.Release|Any CPU.ActiveCfg = Release|Any CPU
		{F8DEF3E0-280E-43D8-AF0B-E7FE10A7E666}.Release|Any CPU.Build.0 = Release|Any CPU
		{AD43CEF6-D1F9-48AD-847E-CF07511C807F}.Debug|Any CPU.ActiveCfg = Debug|Any CPU
		{AD43CEF6-D1F9-48AD-847E-CF07511C807F}.Debug|Any CPU.Build.0 = Debug|Any CPU
		{AD43CEF6-D1F9-48AD-847E-CF07511C807F}.Release|Any CPU.ActiveCfg = Release|Any CPU
		{AD43CEF6-D1F9-48AD-847E-CF07511C807F}.Release|Any CPU.Build.0 = Release|Any CPU
		{8F615981-2EC9-404F-BF94-D4E48B234858}.Debug|Any CPU.ActiveCfg = Debug|Any CPU
		{8F615981-2EC9-404F-BF94-D4E48B234858}.Debug|Any CPU.Build.0 = Debug|Any CPU
		{8F615981-2EC9-404F-BF94-D4E48B234858}.Release|Any CPU.ActiveCfg = Release|Any CPU
		{8F615981-2EC9-404F-BF94-D4E48B234858}.Release|Any CPU.Build.0 = Release|Any CPU
		{F24F987D-68D8-4D20-9D02-6D124C9525F5}.Debug|Any CPU.ActiveCfg = Debug|Any CPU
		{F24F987D-68D8-4D20-9D02-6D124C9525F5}.Debug|Any CPU.Build.0 = Debug|Any CPU
		{F24F987D-68D8-4D20-9D02-6D124C9525F5}.Release|Any CPU.ActiveCfg = Release|Any CPU
		{F24F987D-68D8-4D20-9D02-6D124C9525F5}.Release|Any CPU.Build.0 = Release|Any CPU
		{3097CFE5-7BA0-4FB7-9973-F399EDABD0E0}.Debug|Any CPU.ActiveCfg = Debug|Any CPU
		{3097CFE5-7BA0-4FB7-9973-F399EDABD0E0}.Debug|Any CPU.Build.0 = Debug|Any CPU
		{3097CFE5-7BA0-4FB7-9973-F399EDABD0E0}.Release|Any CPU.ActiveCfg = Release|Any CPU
		{3097CFE5-7BA0-4FB7-9973-F399EDABD0E0}.Release|Any CPU.Build.0 = Release|Any CPU
		{CF4D3BF3-87C5-47F6-B8AF-71BCEC3D5346}.Debug|Any CPU.ActiveCfg = Debug|Any CPU
		{CF4D3BF3-87C5-47F6-B8AF-71BCEC3D5346}.Debug|Any CPU.Build.0 = Debug|Any CPU
		{CF4D3BF3-87C5-47F6-B8AF-71BCEC3D5346}.Release|Any CPU.ActiveCfg = Release|Any CPU
		{CF4D3BF3-87C5-47F6-B8AF-71BCEC3D5346}.Release|Any CPU.Build.0 = Release|Any CPU
		{61BC4805-28F9-4019-949D-C5BE9D661B22}.Debug|Any CPU.ActiveCfg = Debug|Any CPU
		{61BC4805-28F9-4019-949D-C5BE9D661B22}.Debug|Any CPU.Build.0 = Debug|Any CPU
		{61BC4805-28F9-4019-949D-C5BE9D661B22}.Release|Any CPU.ActiveCfg = Release|Any CPU
		{61BC4805-28F9-4019-949D-C5BE9D661B22}.Release|Any CPU.Build.0 = Release|Any CPU
		{D0551695-1248-41DF-8EBA-2C310CF2CDFC}.Debug|Any CPU.ActiveCfg = Debug|Any CPU
		{D0551695-1248-41DF-8EBA-2C310CF2CDFC}.Debug|Any CPU.Build.0 = Debug|Any CPU
		{D0551695-1248-41DF-8EBA-2C310CF2CDFC}.Release|Any CPU.ActiveCfg = Release|Any CPU
		{D0551695-1248-41DF-8EBA-2C310CF2CDFC}.Release|Any CPU.Build.0 = Release|Any CPU
		{6B8EB671-CD7B-44AD-B500-DDE0362D1B21}.Debug|Any CPU.ActiveCfg = Debug|Any CPU
		{6B8EB671-CD7B-44AD-B500-DDE0362D1B21}.Debug|Any CPU.Build.0 = Debug|Any CPU
		{6B8EB671-CD7B-44AD-B500-DDE0362D1B21}.Release|Any CPU.ActiveCfg = Release|Any CPU
		{6B8EB671-CD7B-44AD-B500-DDE0362D1B21}.Release|Any CPU.Build.0 = Release|Any CPU
		{51E0D711-60A7-47F1-B8E4-E8961AC8C7D3}.Debug|Any CPU.ActiveCfg = Debug|Any CPU
		{51E0D711-60A7-47F1-B8E4-E8961AC8C7D3}.Debug|Any CPU.Build.0 = Debug|Any CPU
		{51E0D711-60A7-47F1-B8E4-E8961AC8C7D3}.Release|Any CPU.ActiveCfg = Release|Any CPU
		{51E0D711-60A7-47F1-B8E4-E8961AC8C7D3}.Release|Any CPU.Build.0 = Release|Any CPU
		{F3B7649C-33EC-42B9-B0BB-EEB8A1EA4FD1}.Debug|Any CPU.ActiveCfg = Debug|Any CPU
		{F3B7649C-33EC-42B9-B0BB-EEB8A1EA4FD1}.Debug|Any CPU.Build.0 = Debug|Any CPU
		{F3B7649C-33EC-42B9-B0BB-EEB8A1EA4FD1}.Release|Any CPU.ActiveCfg = Release|Any CPU
		{F3B7649C-33EC-42B9-B0BB-EEB8A1EA4FD1}.Release|Any CPU.Build.0 = Release|Any CPU
		{0F7D3AAA-D3D5-4BDA-BE59-40251017B54B}.Debug|Any CPU.ActiveCfg = Debug|Any CPU
		{0F7D3AAA-D3D5-4BDA-BE59-40251017B54B}.Debug|Any CPU.Build.0 = Debug|Any CPU
		{0F7D3AAA-D3D5-4BDA-BE59-40251017B54B}.Release|Any CPU.ActiveCfg = Release|Any CPU
		{0F7D3AAA-D3D5-4BDA-BE59-40251017B54B}.Release|Any CPU.Build.0 = Release|Any CPU
		{3309FD22-6C0A-4FE1-B88A-A693A4DFEDF4}.Debug|Any CPU.ActiveCfg = Debug|Any CPU
		{3309FD22-6C0A-4FE1-B88A-A693A4DFEDF4}.Debug|Any CPU.Build.0 = Debug|Any CPU
		{3309FD22-6C0A-4FE1-B88A-A693A4DFEDF4}.Release|Any CPU.ActiveCfg = Release|Any CPU
		{3309FD22-6C0A-4FE1-B88A-A693A4DFEDF4}.Release|Any CPU.Build.0 = Release|Any CPU
		{759DB0D2-4EB9-4514-88A4-8A717F5CA8DB}.Debug|Any CPU.ActiveCfg = Debug|Any CPU
		{759DB0D2-4EB9-4514-88A4-8A717F5CA8DB}.Debug|Any CPU.Build.0 = Debug|Any CPU
		{759DB0D2-4EB9-4514-88A4-8A717F5CA8DB}.Release|Any CPU.ActiveCfg = Release|Any CPU
		{759DB0D2-4EB9-4514-88A4-8A717F5CA8DB}.Release|Any CPU.Build.0 = Release|Any CPU
		{6BC48DC8-5FB2-4342-9DF6-59F929419B5E}.Debug|Any CPU.ActiveCfg = Debug|Any CPU
		{6BC48DC8-5FB2-4342-9DF6-59F929419B5E}.Debug|Any CPU.Build.0 = Debug|Any CPU
		{6BC48DC8-5FB2-4342-9DF6-59F929419B5E}.Release|Any CPU.ActiveCfg = Release|Any CPU
		{6BC48DC8-5FB2-4342-9DF6-59F929419B5E}.Release|Any CPU.Build.0 = Release|Any CPU
		{42AE8E5B-AEEA-4F4F-90B9-15960BB19EAC}.Debug|Any CPU.ActiveCfg = Debug|Any CPU
		{42AE8E5B-AEEA-4F4F-90B9-15960BB19EAC}.Debug|Any CPU.Build.0 = Debug|Any CPU
		{42AE8E5B-AEEA-4F4F-90B9-15960BB19EAC}.Release|Any CPU.ActiveCfg = Release|Any CPU
		{42AE8E5B-AEEA-4F4F-90B9-15960BB19EAC}.Release|Any CPU.Build.0 = Release|Any CPU
		{8E2F29EC-6686-4FCC-9D79-C5B7428D4917}.Debug|Any CPU.ActiveCfg = Debug|Any CPU
		{8E2F29EC-6686-4FCC-9D79-C5B7428D4917}.Debug|Any CPU.Build.0 = Debug|Any CPU
		{8E2F29EC-6686-4FCC-9D79-C5B7428D4917}.Release|Any CPU.ActiveCfg = Release|Any CPU
		{8E2F29EC-6686-4FCC-9D79-C5B7428D4917}.Release|Any CPU.Build.0 = Release|Any CPU
		{2559F03E-3CE6-44D0-83E9-A0CE556DC1F1}.Debug|Any CPU.ActiveCfg = Debug|Any CPU
		{2559F03E-3CE6-44D0-83E9-A0CE556DC1F1}.Debug|Any CPU.Build.0 = Debug|Any CPU
		{2559F03E-3CE6-44D0-83E9-A0CE556DC1F1}.Release|Any CPU.ActiveCfg = Release|Any CPU
		{2559F03E-3CE6-44D0-83E9-A0CE556DC1F1}.Release|Any CPU.Build.0 = Release|Any CPU
		{CA6CCB18-4AEA-4705-B9E8-7C3036AFA3C4}.Debug|Any CPU.ActiveCfg = Debug|Any CPU
		{CA6CCB18-4AEA-4705-B9E8-7C3036AFA3C4}.Debug|Any CPU.Build.0 = Debug|Any CPU
		{CA6CCB18-4AEA-4705-B9E8-7C3036AFA3C4}.Release|Any CPU.ActiveCfg = Release|Any CPU
		{CA6CCB18-4AEA-4705-B9E8-7C3036AFA3C4}.Release|Any CPU.Build.0 = Release|Any CPU
		{F49746DE-E6AE-44D2-A899-E87256F922DC}.Debug|Any CPU.ActiveCfg = Debug|Any CPU
		{F49746DE-E6AE-44D2-A899-E87256F922DC}.Debug|Any CPU.Build.0 = Debug|Any CPU
		{F49746DE-E6AE-44D2-A899-E87256F922DC}.Release|Any CPU.ActiveCfg = Release|Any CPU
		{F49746DE-E6AE-44D2-A899-E87256F922DC}.Release|Any CPU.Build.0 = Release|Any CPU
		{FD1EC7C0-8558-4A68-AF1F-8FA68DD50073}.Debug|Any CPU.ActiveCfg = Debug|Any CPU
		{FD1EC7C0-8558-4A68-AF1F-8FA68DD50073}.Debug|Any CPU.Build.0 = Debug|Any CPU
		{FD1EC7C0-8558-4A68-AF1F-8FA68DD50073}.Release|Any CPU.ActiveCfg = Release|Any CPU
		{FD1EC7C0-8558-4A68-AF1F-8FA68DD50073}.Release|Any CPU.Build.0 = Release|Any CPU
		{F474F862-EC2D-4064-9486-60E0D09E3B59}.Debug|Any CPU.ActiveCfg = Debug|Any CPU
		{F474F862-EC2D-4064-9486-60E0D09E3B59}.Debug|Any CPU.Build.0 = Debug|Any CPU
		{F474F862-EC2D-4064-9486-60E0D09E3B59}.Release|Any CPU.ActiveCfg = Release|Any CPU
		{F474F862-EC2D-4064-9486-60E0D09E3B59}.Release|Any CPU.Build.0 = Release|Any CPU
		{7188379C-00F1-494C-85C7-B08426053200}.Debug|Any CPU.ActiveCfg = Debug|Any CPU
		{7188379C-00F1-494C-85C7-B08426053200}.Debug|Any CPU.Build.0 = Debug|Any CPU
		{7188379C-00F1-494C-85C7-B08426053200}.Release|Any CPU.ActiveCfg = Release|Any CPU
		{7188379C-00F1-494C-85C7-B08426053200}.Release|Any CPU.Build.0 = Release|Any CPU
		{B59AD652-CDA6-41AC-8A61-DB8202980890}.Debug|Any CPU.ActiveCfg = Debug|Any CPU
		{B59AD652-CDA6-41AC-8A61-DB8202980890}.Debug|Any CPU.Build.0 = Debug|Any CPU
		{B59AD652-CDA6-41AC-8A61-DB8202980890}.Release|Any CPU.ActiveCfg = Release|Any CPU
		{B59AD652-CDA6-41AC-8A61-DB8202980890}.Release|Any CPU.Build.0 = Release|Any CPU
		{B6FDF791-D06B-48E8-A2C6-29FFE18D9485}.Debug|Any CPU.ActiveCfg = Debug|Any CPU
		{B6FDF791-D06B-48E8-A2C6-29FFE18D9485}.Debug|Any CPU.Build.0 = Debug|Any CPU
		{B6FDF791-D06B-48E8-A2C6-29FFE18D9485}.Release|Any CPU.ActiveCfg = Release|Any CPU
		{B6FDF791-D06B-48E8-A2C6-29FFE18D9485}.Release|Any CPU.Build.0 = Release|Any CPU
		{0E38A967-CA2D-4262-A3FE-3FB8773EC411}.Debug|Any CPU.ActiveCfg = Debug|Any CPU
		{0E38A967-CA2D-4262-A3FE-3FB8773EC411}.Debug|Any CPU.Build.0 = Debug|Any CPU
		{0E38A967-CA2D-4262-A3FE-3FB8773EC411}.Release|Any CPU.ActiveCfg = Release|Any CPU
		{0E38A967-CA2D-4262-A3FE-3FB8773EC411}.Release|Any CPU.Build.0 = Release|Any CPU
		{25DDA8A2-0629-44DB-82DF-4B8E72CB0986}.Debug|Any CPU.ActiveCfg = Debug|Any CPU
		{25DDA8A2-0629-44DB-82DF-4B8E72CB0986}.Debug|Any CPU.Build.0 = Debug|Any CPU
		{25DDA8A2-0629-44DB-82DF-4B8E72CB0986}.Release|Any CPU.ActiveCfg = Release|Any CPU
		{25DDA8A2-0629-44DB-82DF-4B8E72CB0986}.Release|Any CPU.Build.0 = Release|Any CPU
		{CC81B3BF-FC77-446F-957E-A337CC95107B}.Debug|Any CPU.ActiveCfg = Debug|Any CPU
		{CC81B3BF-FC77-446F-957E-A337CC95107B}.Debug|Any CPU.Build.0 = Debug|Any CPU
		{CC81B3BF-FC77-446F-957E-A337CC95107B}.Release|Any CPU.ActiveCfg = Release|Any CPU
		{CC81B3BF-FC77-446F-957E-A337CC95107B}.Release|Any CPU.Build.0 = Release|Any CPU
		{FC0D24CE-B16E-44D8-AB2A-4B9274A7947A}.Debug|Any CPU.ActiveCfg = Debug|Any CPU
		{FC0D24CE-B16E-44D8-AB2A-4B9274A7947A}.Debug|Any CPU.Build.0 = Debug|Any CPU
		{FC0D24CE-B16E-44D8-AB2A-4B9274A7947A}.Release|Any CPU.ActiveCfg = Release|Any CPU
		{FC0D24CE-B16E-44D8-AB2A-4B9274A7947A}.Release|Any CPU.Build.0 = Release|Any CPU
		{86B820F1-07D7-4D69-B5EE-CECA8978B4BB}.Debug|Any CPU.ActiveCfg = Debug|Any CPU
		{86B820F1-07D7-4D69-B5EE-CECA8978B4BB}.Debug|Any CPU.Build.0 = Debug|Any CPU
		{86B820F1-07D7-4D69-B5EE-CECA8978B4BB}.Release|Any CPU.ActiveCfg = Release|Any CPU
		{86B820F1-07D7-4D69-B5EE-CECA8978B4BB}.Release|Any CPU.Build.0 = Release|Any CPU
		{C1035F38-D82F-4FF4-8990-B1888045CFBD}.Debug|Any CPU.ActiveCfg = Debug|Any CPU
		{C1035F38-D82F-4FF4-8990-B1888045CFBD}.Debug|Any CPU.Build.0 = Debug|Any CPU
		{C1035F38-D82F-4FF4-8990-B1888045CFBD}.Release|Any CPU.ActiveCfg = Release|Any CPU
		{C1035F38-D82F-4FF4-8990-B1888045CFBD}.Release|Any CPU.Build.0 = Release|Any CPU
		{DA8CFACC-E1A7-4BEE-AC81-99DA856C24DB}.Debug|Any CPU.ActiveCfg = Debug|Any CPU
		{DA8CFACC-E1A7-4BEE-AC81-99DA856C24DB}.Debug|Any CPU.Build.0 = Debug|Any CPU
		{DA8CFACC-E1A7-4BEE-AC81-99DA856C24DB}.Release|Any CPU.ActiveCfg = Release|Any CPU
		{DA8CFACC-E1A7-4BEE-AC81-99DA856C24DB}.Release|Any CPU.Build.0 = Release|Any CPU
		{657C6FCD-4AD9-4538-AE32-1C6F41271595}.Debug|Any CPU.ActiveCfg = Debug|Any CPU
		{657C6FCD-4AD9-4538-AE32-1C6F41271595}.Debug|Any CPU.Build.0 = Debug|Any CPU
		{657C6FCD-4AD9-4538-AE32-1C6F41271595}.Release|Any CPU.ActiveCfg = Release|Any CPU
		{657C6FCD-4AD9-4538-AE32-1C6F41271595}.Release|Any CPU.Build.0 = Release|Any CPU
		{58B1E5EC-4A6B-4B92-A5D3-62E1C3813289}.Debug|Any CPU.ActiveCfg = Debug|Any CPU
		{58B1E5EC-4A6B-4B92-A5D3-62E1C3813289}.Debug|Any CPU.Build.0 = Debug|Any CPU
		{58B1E5EC-4A6B-4B92-A5D3-62E1C3813289}.Release|Any CPU.ActiveCfg = Release|Any CPU
		{58B1E5EC-4A6B-4B92-A5D3-62E1C3813289}.Release|Any CPU.Build.0 = Release|Any CPU
		{5913EADD-2799-4635-B65B-9751D6D48767}.Debug|Any CPU.ActiveCfg = Debug|Any CPU
		{5913EADD-2799-4635-B65B-9751D6D48767}.Debug|Any CPU.Build.0 = Debug|Any CPU
		{5913EADD-2799-4635-B65B-9751D6D48767}.Release|Any CPU.ActiveCfg = Release|Any CPU
		{5913EADD-2799-4635-B65B-9751D6D48767}.Release|Any CPU.Build.0 = Release|Any CPU
		{5BEDBA1D-34C8-4A5B-B9CE-FB6375942B66}.Debug|Any CPU.ActiveCfg = Debug|Any CPU
		{5BEDBA1D-34C8-4A5B-B9CE-FB6375942B66}.Debug|Any CPU.Build.0 = Debug|Any CPU
		{5BEDBA1D-34C8-4A5B-B9CE-FB6375942B66}.Release|Any CPU.ActiveCfg = Release|Any CPU
		{5BEDBA1D-34C8-4A5B-B9CE-FB6375942B66}.Release|Any CPU.Build.0 = Release|Any CPU
		{D0D80A15-9597-4973-9D64-7991FA4CB5AF}.Debug|Any CPU.ActiveCfg = Debug|Any CPU
		{D0D80A15-9597-4973-9D64-7991FA4CB5AF}.Debug|Any CPU.Build.0 = Debug|Any CPU
		{D0D80A15-9597-4973-9D64-7991FA4CB5AF}.Release|Any CPU.ActiveCfg = Release|Any CPU
		{D0D80A15-9597-4973-9D64-7991FA4CB5AF}.Release|Any CPU.Build.0 = Release|Any CPU
	EndGlobalSection
	GlobalSection(SolutionProperties) = preSolution
		HideSolutionNode = FALSE
	EndGlobalSection
	GlobalSection(NestedProjects) = preSolution
		{82A2B0A6-98DB-4E1E-AA09-2D8ACDE9F5F1} = {9743F3F1-7942-4FC3-8F5D-BCDDDCE84A73}
		{A8278404-3377-4704-920B-A87C43F34507} = {9743F3F1-7942-4FC3-8F5D-BCDDDCE84A73}
		{F8C037AC-10C9-4134-A4D0-A496CBE337D8} = {6A916DF0-83F8-4AAE-9A71-18B9E9E3F86C}
		{7F419060-9182-4D2F-AE8E-BF36B6F78B89} = {6A916DF0-83F8-4AAE-9A71-18B9E9E3F86C}
		{D3FE6E89-1D8A-4DCB-8692-898A0BC4DCF7} = {6A916DF0-83F8-4AAE-9A71-18B9E9E3F86C}
		{E68CAA51-1C3B-4C34-8433-E2E99D58696D} = {6A916DF0-83F8-4AAE-9A71-18B9E9E3F86C}
		{778C0537-9619-4FFC-AEC7-57697B906648} = {22C34EE2-FC0A-4B13-9A82-D767BD4A1D06}
		{4A68224E-C385-4868-829B-26F29CE44E47} = {9CED89F1-F794-427A-A1E1-42F7CEC05BD0}
		{82D9FDE4-06AB-40C0-A701-DA99E4A21A0E} = {4E2805B8-1180-432C-8667-507D50339203}
		{2E5A572E-456C-4518-8CA1-CBCDC7E28000} = {AF949ED6-305A-4437-9B82-0BF566175D15}
		{FD0BFE2B-2CF1-4444-9B1D-60CC077CE723} = {C8E027FB-6A63-4323-BE08-A9F072F29E41}
		{0DFDE31A-CBDA-45AB-8661-17EEA549EDDA} = {C8E027FB-6A63-4323-BE08-A9F072F29E41}
		{4D446366-E1FC-42DE-9ADC-9921CFAA9423} = {16C09C3B-E1FF-4D20-AD6D-21D7D363BF61}
		{27C413F3-6125-4A2D-95E0-04C715ECD112} = {5A59E5AE-250E-44AB-A931-1AC52B90D84A}
		{E09BE60E-C6F2-43FE-BE4B-A37DE443AFF0} = {62FF78F3-A565-4B61-990B-FE7714D2F493}
		{9736EB26-5D2B-4104-8EF7-3959E0D6975C} = {4E2805B8-1180-432C-8667-507D50339203}
		{FCB181DD-ACB3-4DFF-AAA0-5F1B3B1DFEDA} = {9743F3F1-7942-4FC3-8F5D-BCDDDCE84A73}
		{394291EB-869D-47AD-AD6C-634FD183AE41} = {8B8F6D10-302C-45F3-ACB3-22786ABC7CF9}
		{1FC9C5D3-51DE-48ED-87C0-515F4983B84B} = {8B8F6D10-302C-45F3-ACB3-22786ABC7CF9}
		{8CFD01F0-A9EB-45FB-A8C0-34EC21522C27} = {73C388CF-17C1-4935-95A3-B77D7FEAC76F}
		{2AE2C92B-9E8C-4BA9-8080-085BEE2FABD3} = {8B8F6D10-302C-45F3-ACB3-22786ABC7CF9}
		{A8D67096-A848-47E4-B3D3-E66AC325E832} = {8B8F6D10-302C-45F3-ACB3-22786ABC7CF9}
		{A603501A-B6C9-4EE4-816E-F0D2C02A1EBB} = {8B8F6D10-302C-45F3-ACB3-22786ABC7CF9}
		{48D2A254-873B-47B8-93E0-C08D84C7CB9B} = {8B8F6D10-302C-45F3-ACB3-22786ABC7CF9}
		{5C9E7199-D082-42CE-A6EE-9A66EAA83869} = {8B8F6D10-302C-45F3-ACB3-22786ABC7CF9}
		{8144B227-A66F-4ED8-9C3E-14241767D187} = {5A59E5AE-250E-44AB-A931-1AC52B90D84A}
		{15F3D2E1-B2A6-4AB6-8232-70C63F4E3105} = {8B8F6D10-302C-45F3-ACB3-22786ABC7CF9}
		{FC89ED6C-9204-48CB-9973-2F54D535DC8C} = {5A59E5AE-250E-44AB-A931-1AC52B90D84A}
		{53B927F3-124B-47C4-9523-E285BAC2BA4E} = {5A59E5AE-250E-44AB-A931-1AC52B90D84A}
		{CB1140DB-FA85-49AF-A985-C8DE998C0C50} = {C8E027FB-6A63-4323-BE08-A9F072F29E41}
		{C1931363-CCAB-4D6C-8ADB-49B68A1BD113} = {B58AF3D5-80D6-4B84-A729-FF63E708412C}
		{3FD30589-1053-429A-B644-852C6BA6C3B2} = {B58AF3D5-80D6-4B84-A729-FF63E708412C}
		{3DDD5792-180F-408C-BA87-3D5500B6F1BA} = {6252EF01-6F88-43BD-B6FC-3A6EE4BCF7C3}
		{DABAEB17-659D-4F94-BF8C-667FB95B10EE} = {3AF77F9E-89A5-4F4E-A019-59009C507E68}
		{F17F0654-34C5-4A28-AC10-967588AC0FA1} = {3AF77F9E-89A5-4F4E-A019-59009C507E68}
		{CE2F7A77-F78A-45ED-9E9D-7879AFF88187} = {8B8F6D10-302C-45F3-ACB3-22786ABC7CF9}
		{30C4A995-B372-4ECD-B97A-DED44A1E8CB2} = {73C388CF-17C1-4935-95A3-B77D7FEAC76F}
		{2624667A-5DB7-449B-A0E1-5A63AED9B62B} = {8B8F6D10-302C-45F3-ACB3-22786ABC7CF9}
		{9781AADC-4CF9-4510-AA47-58AECCE1B1B4} = {6252EF01-6F88-43BD-B6FC-3A6EE4BCF7C3}
		{F8DEF3E0-280E-43D8-AF0B-E7FE10A7E666} = {C8E027FB-6A63-4323-BE08-A9F072F29E41}
		{8B8F6D10-302C-45F3-ACB3-22786ABC7CF9} = {FCB181DD-ACB3-4DFF-AAA0-5F1B3B1DFEDA}
		{73C388CF-17C1-4935-95A3-B77D7FEAC76F} = {FCB181DD-ACB3-4DFF-AAA0-5F1B3B1DFEDA}
		{5A59E5AE-250E-44AB-A931-1AC52B90D84A} = {A8278404-3377-4704-920B-A87C43F34507}
		{4E2805B8-1180-432C-8667-507D50339203} = {A8278404-3377-4704-920B-A87C43F34507}
		{62FF78F3-A565-4B61-990B-FE7714D2F493} = {A8278404-3377-4704-920B-A87C43F34507}
		{6A916DF0-83F8-4AAE-9A71-18B9E9E3F86C} = {82A2B0A6-98DB-4E1E-AA09-2D8ACDE9F5F1}
		{AF949ED6-305A-4437-9B82-0BF566175D15} = {82A2B0A6-98DB-4E1E-AA09-2D8ACDE9F5F1}
		{22C34EE2-FC0A-4B13-9A82-D767BD4A1D06} = {82A2B0A6-98DB-4E1E-AA09-2D8ACDE9F5F1}
		{9CED89F1-F794-427A-A1E1-42F7CEC05BD0} = {82A2B0A6-98DB-4E1E-AA09-2D8ACDE9F5F1}
		{DD102BAD-B87F-473D-9407-5576A40CF5D3} = {C8E027FB-6A63-4323-BE08-A9F072F29E41}
		{AD43CEF6-D1F9-48AD-847E-CF07511C807F} = {6A916DF0-83F8-4AAE-9A71-18B9E9E3F86C}
		{8F615981-2EC9-404F-BF94-D4E48B234858} = {16C09C3B-E1FF-4D20-AD6D-21D7D363BF61}
		{F24F987D-68D8-4D20-9D02-6D124C9525F5} = {73C388CF-17C1-4935-95A3-B77D7FEAC76F}
		{3097CFE5-7BA0-4FB7-9973-F399EDABD0E0} = {8B8F6D10-302C-45F3-ACB3-22786ABC7CF9}
		{CF4D3BF3-87C5-47F6-B8AF-71BCEC3D5346} = {6A916DF0-83F8-4AAE-9A71-18B9E9E3F86C}
		{61BC4805-28F9-4019-949D-C5BE9D661B22} = {5A59E5AE-250E-44AB-A931-1AC52B90D84A}
		{D0551695-1248-41DF-8EBA-2C310CF2CDFC} = {6A916DF0-83F8-4AAE-9A71-18B9E9E3F86C}
		{6B8EB671-CD7B-44AD-B500-DDE0362D1B21} = {8B8F6D10-302C-45F3-ACB3-22786ABC7CF9}
		{51E0D711-60A7-47F1-B8E4-E8961AC8C7D3} = {6A916DF0-83F8-4AAE-9A71-18B9E9E3F86C}
		{F3B7649C-33EC-42B9-B0BB-EEB8A1EA4FD1} = {5A59E5AE-250E-44AB-A931-1AC52B90D84A}
		{0F7D3AAA-D3D5-4BDA-BE59-40251017B54B} = {6252EF01-6F88-43BD-B6FC-3A6EE4BCF7C3}
		{3309FD22-6C0A-4FE1-B88A-A693A4DFEDF4} = {5A59E5AE-250E-44AB-A931-1AC52B90D84A}
		{759DB0D2-4EB9-4514-88A4-8A717F5CA8DB} = {6A916DF0-83F8-4AAE-9A71-18B9E9E3F86C}
		{6BC48DC8-5FB2-4342-9DF6-59F929419B5E} = {6A916DF0-83F8-4AAE-9A71-18B9E9E3F86C}
		{42AE8E5B-AEEA-4F4F-90B9-15960BB19EAC} = {73C388CF-17C1-4935-95A3-B77D7FEAC76F}
		{8E2F29EC-6686-4FCC-9D79-C5B7428D4917} = {73C388CF-17C1-4935-95A3-B77D7FEAC76F}
		{2559F03E-3CE6-44D0-83E9-A0CE556DC1F1} = {8B8F6D10-302C-45F3-ACB3-22786ABC7CF9}
		{CA6CCB18-4AEA-4705-B9E8-7C3036AFA3C4} = {73C388CF-17C1-4935-95A3-B77D7FEAC76F}
		{F49746DE-E6AE-44D2-A899-E87256F922DC} = {73C388CF-17C1-4935-95A3-B77D7FEAC76F}
		{FD1EC7C0-8558-4A68-AF1F-8FA68DD50073} = {5A59E5AE-250E-44AB-A931-1AC52B90D84A}
		{F474F862-EC2D-4064-9486-60E0D09E3B59} = {8B8F6D10-302C-45F3-ACB3-22786ABC7CF9}
		{7188379C-00F1-494C-85C7-B08426053200} = {8B8F6D10-302C-45F3-ACB3-22786ABC7CF9}
		{57D91318-9708-494A-A19F-09E2F60F2E4D} = {B58AF3D5-80D6-4B84-A729-FF63E708412C}
		{B59AD652-CDA6-41AC-8A61-DB8202980890} = {57D91318-9708-494A-A19F-09E2F60F2E4D}
		{3AF77F9E-89A5-4F4E-A019-59009C507E68} = {A8278404-3377-4704-920B-A87C43F34507}
		{16C09C3B-E1FF-4D20-AD6D-21D7D363BF61} = {C8E027FB-6A63-4323-BE08-A9F072F29E41}
		{B6FDF791-D06B-48E8-A2C6-29FFE18D9485} = {DD102BAD-B87F-473D-9407-5576A40CF5D3}
		{0E38A967-CA2D-4262-A3FE-3FB8773EC411} = {6252EF01-6F88-43BD-B6FC-3A6EE4BCF7C3}
		{25DDA8A2-0629-44DB-82DF-4B8E72CB0986} = {3AF77F9E-89A5-4F4E-A019-59009C507E68}
		{CC81B3BF-FC77-446F-957E-A337CC95107B} = {3AF77F9E-89A5-4F4E-A019-59009C507E68}
		{FC0D24CE-B16E-44D8-AB2A-4B9274A7947A} = {6252EF01-6F88-43BD-B6FC-3A6EE4BCF7C3}
		{86B820F1-07D7-4D69-B5EE-CECA8978B4BB} = {6252EF01-6F88-43BD-B6FC-3A6EE4BCF7C3}
		{C1035F38-D82F-4FF4-8990-B1888045CFBD} = {6252EF01-6F88-43BD-B6FC-3A6EE4BCF7C3}
		{DA8CFACC-E1A7-4BEE-AC81-99DA856C24DB} = {6252EF01-6F88-43BD-B6FC-3A6EE4BCF7C3}
		{657C6FCD-4AD9-4538-AE32-1C6F41271595} = {6252EF01-6F88-43BD-B6FC-3A6EE4BCF7C3}
		{58B1E5EC-4A6B-4B92-A5D3-62E1C3813289} = {6252EF01-6F88-43BD-B6FC-3A6EE4BCF7C3}
		{5913EADD-2799-4635-B65B-9751D6D48767} = {6252EF01-6F88-43BD-B6FC-3A6EE4BCF7C3}
		{5BEDBA1D-34C8-4A5B-B9CE-FB6375942B66} = {6252EF01-6F88-43BD-B6FC-3A6EE4BCF7C3}
		{D0D80A15-9597-4973-9D64-7991FA4CB5AF} = {6252EF01-6F88-43BD-B6FC-3A6EE4BCF7C3}
	EndGlobalSection
	GlobalSection(ExtensibilityGlobals) = postSolution
		SolutionGuid = {B5361821-23C0-4269-890A-C36FFD6ECA0D}
	EndGlobalSection
EndGlobal
