
Microsoft Visual Studio Solution File, Format Version 12.00
# Visual Studio Version 17
VisualStudioVersion = 17.3.32901.215
MinimumVisualStudioVersion = 10.0.40219.1
Project("{FAE04EC0-301F-11D3-BF4B-00C04F79EFBC}") = "Delta.Honsha01.Eialib.Tools", "Delta.Honsha01.Eialib.Tools\Delta.Honsha01.Eialib.Tools.csproj", "{C0B45F95-720A-4FB3-9038-003AC6E7637B}"
EndProject
Global
	GlobalSection(SolutionConfigurationPlatforms) = preSolution
		Debug|Any CPU = Debug|Any CPU
		Release|Any CPU = Release|Any CPU
	EndGlobalSection
	GlobalSection(ProjectConfigurationPlatforms) = postSolution
		{C0B45F95-720A-4FB3-9038-003AC6E7637B}.Debug|Any CPU.ActiveCfg = Debug|Any CPU
		{C0B45F95-720A-4FB3-9038-003AC6E7637B}.Debug|Any CPU.Build.0 = Debug|Any CPU
		{C0B45F95-720A-4FB3-9038-003AC6E7637B}.Release|Any CPU.ActiveCfg = Release|Any CPU
		{C0B45F95-720A-4FB3-9038-003AC6E7637B}.Release|Any CPU.Build.0 = Release|Any CPU
	EndGlobalSection
	GlobalSection(SolutionProperties) = preSolution
		HideSolutionNode = FALSE
	EndGlobalSection
	GlobalSection(ExtensibilityGlobals) = postSolution
		SolutionGuid = {F1CD5A03-30FF-443D-BBC9-93DDB5CF3E0C}
	EndGlobalSection
EndGlobal
