
Microsoft Visual Studio Solution File, Format Version 12.00
# Visual Studio Version 17
VisualStudioVersion = 17.3.32901.215
MinimumVisualStudioVersion = 10.0.40219.1
Project("{FAE04EC0-301F-11D3-BF4B-00C04F79EFBC}") = "Delta.Honsha01.Qkblib.Tools", "Delta.Honsha01.Qkblib.Tools\Delta.Honsha01.Qkblib.Tools.csproj", "{AB6355A8-C807-4C5C-B7EB-3C27DDF343BC}"
EndProject
Global
	GlobalSection(SolutionConfigurationPlatforms) = preSolution
		Debug|Any CPU = Debug|Any CPU
		Release|Any CPU = Release|Any CPU
	EndGlobalSection
	GlobalSection(ProjectConfigurationPlatforms) = postSolution
		{AB6355A8-C807-4C5C-B7EB-3C27DDF343BC}.Debug|Any CPU.ActiveCfg = Debug|Any CPU
		{AB6355A8-C807-4C5C-B7EB-3C27DDF343BC}.Debug|Any CPU.Build.0 = Debug|Any CPU
		{AB6355A8-C807-4C5C-B7EB-3C27DDF343BC}.Release|Any CPU.ActiveCfg = Release|Any CPU
		{AB6355A8-C807-4C5C-B7EB-3C27DDF343BC}.Release|Any CPU.Build.0 = Release|Any CPU
	EndGlobalSection
	GlobalSection(SolutionProperties) = preSolution
		HideSolutionNode = FALSE
	EndGlobalSection
	GlobalSection(ExtensibilityGlobals) = postSolution
		SolutionGuid = {BF2C21A9-A1D1-43AD-B548-FF1C20DBD122}
	EndGlobalSection
EndGlobal
