
Microsoft Visual Studio Solution File, Format Version 12.00
# Visual Studio Version 17
VisualStudioVersion = 17.3.32929.385
MinimumVisualStudioVersion = 10.0.40219.1
Project("{FAE04EC0-301F-11D3-BF4B-00C04F79EFBC}") = "Delta.Honsha01.Qkalib.Tools", "Delta.Honsha01.Qkalib.Tools\Delta.Honsha01.Qkalib.Tools.csproj", "{932FC6BE-4B5C-47E8-B5CC-C0D3CAB8142A}"
EndProject
Global
	GlobalSection(SolutionConfigurationPlatforms) = preSolution
		Debug|Any CPU = Debug|Any CPU
		Release|Any CPU = Release|Any CPU
	EndGlobalSection
	GlobalSection(ProjectConfigurationPlatforms) = postSolution
		{932FC6BE-4B5C-47E8-B5CC-C0D3CAB8142A}.Debug|Any CPU.ActiveCfg = Debug|Any CPU
		{932FC6BE-4B5C-47E8-B5CC-C0D3CAB8142A}.Debug|Any CPU.Build.0 = Debug|Any CPU
		{932FC6BE-4B5C-47E8-B5CC-C0D3CAB8142A}.Release|Any CPU.ActiveCfg = Release|Any CPU
		{932FC6BE-4B5C-47E8-B5CC-C0D3CAB8142A}.Release|Any CPU.Build.0 = Release|Any CPU
	EndGlobalSection
	GlobalSection(SolutionProperties) = preSolution
		HideSolutionNode = FALSE
	EndGlobalSection
	GlobalSection(ExtensibilityGlobals) = postSolution
		SolutionGuid = {87E29D6F-BB4A-42EB-9D44-5BC81C30072D}
	EndGlobalSection
EndGlobal
