
Microsoft Visual Studio Solution File, Format Version 12.00
# Visual Studio Version 17
VisualStudioVersion = 17.3.32929.385
MinimumVisualStudioVersion = 10.0.40219.1
Project("{FAE04EC0-301F-11D3-BF4B-00C04F79EFBC}") = "Delta.Honsha01.Aki_lib.Tools", "Delta.Honsha01.Aki_lib.Tools\Delta.Honsha01.Aki_lib.Tools.csproj", "{0940D2A3-B6E6-4A75-89CB-CA2A7C2B93DA}"
EndProject
Global
	GlobalSection(SolutionConfigurationPlatforms) = preSolution
		Debug|Any CPU = Debug|Any CPU
		Release|Any CPU = Release|Any CPU
	EndGlobalSection
	GlobalSection(ProjectConfigurationPlatforms) = postSolution
		{0940D2A3-B6E6-4A75-89CB-CA2A7C2B93DA}.Debug|Any CPU.ActiveCfg = Debug|Any CPU
		{0940D2A3-B6E6-4A75-89CB-CA2A7C2B93DA}.Debug|Any CPU.Build.0 = Debug|Any CPU
		{0940D2A3-B6E6-4A75-89CB-CA2A7C2B93DA}.Release|Any CPU.ActiveCfg = Release|Any CPU
		{0940D2A3-B6E6-4A75-89CB-CA2A7C2B93DA}.Release|Any CPU.Build.0 = Release|Any CPU
	EndGlobalSection
	GlobalSection(SolutionProperties) = preSolution
		HideSolutionNode = FALSE
	EndGlobalSection
	GlobalSection(ExtensibilityGlobals) = postSolution
		SolutionGuid = {D2E8D90E-0597-4CCA-B35C-632654031F58}
	EndGlobalSection
EndGlobal
