
Microsoft Visual Studio Solution File, Format Version 12.00
# Visual Studio Version 17
VisualStudioVersion = 17.3.32901.215
MinimumVisualStudioVersion = 10.0.40219.1
Project("{FAE04EC0-301F-11D3-BF4B-00C04F79EFBC}") = "Delta.Honsha01.Ijdlib.Tools", "Delta.Honsha01.Ijdlib.Tools\Delta.Honsha01.Ijdlib.Tools.csproj", "{D12FC726-9502-4B6F-92DD-71668F032FE2}"
EndProject
Global
	GlobalSection(SolutionConfigurationPlatforms) = preSolution
		Debug|Any CPU = Debug|Any CPU
		Release|Any CPU = Release|Any CPU
	EndGlobalSection
	GlobalSection(ProjectConfigurationPlatforms) = postSolution
		{D12FC726-9502-4B6F-92DD-71668F032FE2}.Debug|Any CPU.ActiveCfg = Debug|Any CPU
		{D12FC726-9502-4B6F-92DD-71668F032FE2}.Debug|Any CPU.Build.0 = Debug|Any CPU
		{D12FC726-9502-4B6F-92DD-71668F032FE2}.Release|Any CPU.ActiveCfg = Release|Any CPU
		{D12FC726-9502-4B6F-92DD-71668F032FE2}.Release|Any CPU.Build.0 = Release|Any CPU
	EndGlobalSection
	GlobalSection(SolutionProperties) = preSolution
		HideSolutionNode = FALSE
	EndGlobalSection
	GlobalSection(ExtensibilityGlobals) = postSolution
		SolutionGuid = {67E8FC9A-F127-430B-AA00-557F552054B7}
	EndGlobalSection
EndGlobal
