
Microsoft Visual Studio Solution File, Format Version 12.00
# Visual Studio Version 17
VisualStudioVersion = 17.3.32929.385
MinimumVisualStudioVersion = 10.0.40219.1
Project("{FAE04EC0-301F-11D3-BF4B-00C04F79EFBC}") = "Delta.Honsha01.Qkglib.Tools", "Delta.Honsha01.Qkglib.Tools\Delta.Honsha01.Qkglib.Tools.csproj", "{25297D81-B25E-4624-AD52-AB491C9058D3}"
EndProject
Global
	GlobalSection(SolutionConfigurationPlatforms) = preSolution
		Debug|Any CPU = Debug|Any CPU
		Release|Any CPU = Release|Any CPU
	EndGlobalSection
	GlobalSection(ProjectConfigurationPlatforms) = postSolution
		{25297D81-B25E-4624-AD52-AB491C9058D3}.Debug|Any CPU.ActiveCfg = Debug|Any CPU
		{25297D81-B25E-4624-AD52-AB491C9058D3}.Debug|Any CPU.Build.0 = Debug|Any CPU
		{25297D81-B25E-4624-AD52-AB491C9058D3}.Release|Any CPU.ActiveCfg = Release|Any CPU
		{25297D81-B25E-4624-AD52-AB491C9058D3}.Release|Any CPU.Build.0 = Release|Any CPU
	EndGlobalSection
	GlobalSection(SolutionProperties) = preSolution
		HideSolutionNode = FALSE
	EndGlobalSection
	GlobalSection(ExtensibilityGlobals) = postSolution
		SolutionGuid = {4D366AB1-825F-4384-BEF2-9C4E410BF2FB}
	EndGlobalSection
EndGlobal
